
Microsoft Visual Studio Solution File, Format Version 12.00
# Visual Studio Version 17
VisualStudioVersion = 17.9.34728.123
MinimumVisualStudioVersion = 10.0.40219.1
Project("{9A19103F-16F7-4668-BE54-9A1E7A4F7556}") = "CompanyRelationship", "CompanyRelationship\CompanyRelationship.csproj", "{66B1A189-FB85-45B7-905E-B312BF2BF6D8}"
EndProject
Project("{FAE04EC0-301F-11D3-BF4B-00C04F79EFBC}") = "CompanyRelationship.Test", "CompanyRelationship.Test\CompanyRelationship.Test.csproj", "{28B0845D-8F14-4BF2-BF27-54087C6D0B28}"
EndProject
Global
	GlobalSection(SolutionConfigurationPlatforms) = preSolution
		Debug|Any CPU = Debug|Any CPU
		Release|Any CPU = Release|Any CPU
	EndGlobalSection
	GlobalSection(ProjectConfigurationPlatforms) = postSolution
		{66B1A189-FB85-45B7-905E-B312BF2BF6D8}.Debug|Any CPU.ActiveCfg = Debug|Any CPU
		{66B1A189-FB85-45B7-905E-B312BF2BF6D8}.Debug|Any CPU.Build.0 = Debug|Any CPU
		{66B1A189-FB85-45B7-905E-B312BF2BF6D8}.Release|Any CPU.ActiveCfg = Release|Any CPU
		{66B1A189-FB85-45B7-905E-B312BF2BF6D8}.Release|Any CPU.Build.0 = Release|Any CPU
		{28B0845D-8F14-4BF2-BF27-54087C6D0B28}.Debug|Any CPU.ActiveCfg = Debug|Any CPU
		{28B0845D-8F14-4BF2-BF27-54087C6D0B28}.Debug|Any CPU.Build.0 = Debug|Any CPU
		{28B0845D-8F14-4BF2-BF27-54087C6D0B28}.Release|Any CPU.ActiveCfg = Release|Any CPU
		{28B0845D-8F14-4BF2-BF27-54087C6D0B28}.Release|Any CPU.Build.0 = Release|Any CPU
	EndGlobalSection
	GlobalSection(SolutionProperties) = preSolution
		HideSolutionNode = FALSE
	EndGlobalSection
	GlobalSection(ExtensibilityGlobals) = postSolution
		SolutionGuid = {34AFB626-612E-438D-ADC6-91B30CE556BE}
	EndGlobalSection
EndGlobal
